{
  "name": "learning_pm2",
  "version": "1.0.0",
  "lockfileVersion": 2,
  "requires": true,
  "packages": {
    "": {
      "name": "learning_pm2",
      "version": "1.0.0",
      "license": "ISC",
      "dependencies": {
        "yarn": "2.4.3"
      }
    },
    "node_modules/yarn": {
      "version": "2.4.3",
      "resolved": "https://registry.npmjs.org/yarn/-/yarn-2.4.3.tgz",
      "integrity": "sha512-HQ8VJL8v1Tlq+VVzcohmYw7dHtZ6VUB4/b2oHRGQc6Xv00AQjVk4C6cyqu4iHRI4esfgIi8S9doOm1d3Z3MlPA==",
      "bin": {
        "yarn": "bin/yarn.js",
        "yarnpkg": "bin/yarn.js"
      },
      "engines": {
        "node": ">=10"
      }
    }
  },
  "dependencies": {
    "yarn": {
      "version": "2.4.3",
      "resolved": "https://registry.npmjs.org/yarn/-/yarn-2.4.3.tgz",
      "integrity": "sha512-HQ8VJL8v1Tlq+VVzcohmYw7dHtZ6VUB4/b2oHRGQc6Xv00AQjVk4C6cyqu4iHRI4esfgIi8S9doOm1d3Z3MlPA=="
    }
  }
}
